# This file was autogenerated by Stack.
# You should not edit this file by hand.
# For more information, please see the documentation at:
#   https://docs.haskellstack.org/en/stable/lock_files

packages:
- completed:
    subdir: msgpack
    name: msgpack
    version: 1.2.0.0
    git: https://github.com/RaitoBezarius/msgpack-haskell
    pantry-tree:
      size: 2330
      sha256: 0126663a7125ebae6c6851abc99d569e62500a3d3843be3ad499a9ad6a4d7579
    commit: 58fad1691b8d8105238b2febdd86f15377385fcc
  original:
    subdir: msgpack
    git: https://github.com/RaitoBezarius/msgpack-haskell
    commit: 58fad1691b8d8105238b2febdd86f15377385fcc
- completed:
    hackage: registry-0.3.0.5@sha256:5235f08067c18269fe276ce7a2bc52d59fd1f347b1ad7459be498dd08fc17d3b,5833
    pantry-tree:
      size: 3982
      sha256: 25bb5d1315ff5040e11f11c4a884696faee21442db5db3d9b8ff240f830c9911
  original:
    hackage: registry-0.3.0.5
- completed:
    hackage: registry-hedgehog-0.7.0.0@sha256:6e99313a5f6ea0cf2434f091b5d6a7e39789cc10de52d84d898a2b322e0455d6,4287
    pantry-tree:
      size: 1379
      sha256: 5b6c83961e8078311f51e5f8e0d4d0999ecdab95fd5e88162825d1baf1aff7f4
  original:
    hackage: registry-hedgehog-0.7.0.0
snapshots:
- completed:
    size: 586296
    url: https://raw.githubusercontent.com/commercialhaskell/stackage-snapshots/master/lts/18/18.yaml
    sha256: 63539429076b7ebbab6daa7656cfb079393bf644971156dc349d7c0453694ac2
  original: lts-18.18
